
Microsoft Visual Studio Solution File, Format Version 12.00
# Visual Studio Version 17
VisualStudioVersion = 17.13.35931.197
MinimumVisualStudioVersion = 10.0.40219.1
Project("{FAE04EC0-301F-11D3-BF4B-00C04F79EFBC}") = "BlogApp.API", "BlogApp.API\BlogApp.API.csproj", "{ABA4FC7F-2D93-4D2C-8B48-2520AD3A4B7F}"
EndProject
Project("{FAE04EC0-301F-11D3-BF4B-00C04F79EFBC}") = "BlogApp.Application", "BlogApp.Application\BlogApp.Application.csproj", "{7A28A18F-0B49-4443-B93E-F570795890AE}"
EndProject
Project("{FAE04EC0-301F-11D3-BF4B-00C04F79EFBC}") = "BlogApp.Domain", "BlogApp.Domain\BlogApp.Domain.csproj", "{06DF4878-3CE9-4E39-8030-D67AE54F8061}"
EndProject
Project("{FAE04EC0-301F-11D3-BF4B-00C04F79EFBC}") = "BlogApp.Infrastructure", "BlogApp.Infrastructure\BlogApp.Infrastructure.csproj", "{118F598C-9807-42B0-975A-77587D707355}"
EndProject
Global
	GlobalSection(SolutionConfigurationPlatforms) = preSolution
		Debug|Any CPU = Debug|Any CPU
		Release|Any CPU = Release|Any CPU
	EndGlobalSection
	GlobalSection(ProjectConfigurationPlatforms) = postSolution
		{ABA4FC7F-2D93-4D2C-8B48-2520AD3A4B7F}.Debug|Any CPU.ActiveCfg = Debug|Any CPU
		{ABA4FC7F-2D93-4D2C-8B48-2520AD3A4B7F}.Debug|Any CPU.Build.0 = Debug|Any CPU
		{ABA4FC7F-2D93-4D2C-8B48-2520AD3A4B7F}.Release|Any CPU.ActiveCfg = Release|Any CPU
		{ABA4FC7F-2D93-4D2C-8B48-2520AD3A4B7F}.Release|Any CPU.Build.0 = Release|Any CPU
		{7A28A18F-0B49-4443-B93E-F570795890AE}.Debug|Any CPU.ActiveCfg = Debug|Any CPU
		{7A28A18F-0B49-4443-B93E-F570795890AE}.Debug|Any CPU.Build.0 = Debug|Any CPU
		{7A28A18F-0B49-4443-B93E-F570795890AE}.Release|Any CPU.ActiveCfg = Release|Any CPU
		{7A28A18F-0B49-4443-B93E-F570795890AE}.Release|Any CPU.Build.0 = Release|Any CPU
		{06DF4878-3CE9-4E39-8030-D67AE54F8061}.Debug|Any CPU.ActiveCfg = Debug|Any CPU
		{06DF4878-3CE9-4E39-8030-D67AE54F8061}.Debug|Any CPU.Build.0 = Debug|Any CPU
		{06DF4878-3CE9-4E39-8030-D67AE54F8061}.Release|Any CPU.ActiveCfg = Release|Any CPU
		{06DF4878-3CE9-4E39-8030-D67AE54F8061}.Release|Any CPU.Build.0 = Release|Any CPU
		{118F598C-9807-42B0-975A-77587D707355}.Debug|Any CPU.ActiveCfg = Debug|Any CPU
		{118F598C-9807-42B0-975A-77587D707355}.Debug|Any CPU.Build.0 = Debug|Any CPU
		{118F598C-9807-42B0-975A-77587D707355}.Release|Any CPU.ActiveCfg = Release|Any CPU
		{118F598C-9807-42B0-975A-77587D707355}.Release|Any CPU.Build.0 = Release|Any CPU
	EndGlobalSection
	GlobalSection(SolutionProperties) = preSolution
		HideSolutionNode = FALSE
	EndGlobalSection
	GlobalSection(ExtensibilityGlobals) = postSolution
		SolutionGuid = {6AABE743-7703-408A-B066-E82D761E58C8}
	EndGlobalSection
EndGlobal
